
Microsoft Visual Studio Solution File, Format Version 12.00
# Visual Studio Version 17
VisualStudioVersion = 17.9.34723.18
MinimumVisualStudioVersion = 10.0.40219.1
Project("{FAE04EC0-301F-11D3-BF4B-00C04F79EFBC}") = "TextEditor", "TextEditor\TextEditor.csproj", "{D6A23707-1CDD-4890-B0BC-9FAF9F6C65E8}"
EndProject
Global
	GlobalSection(SolutionConfigurationPlatforms) = preSolution
		Debug|Any CPU = Debug|Any CPU
		Release|Any CPU = Release|Any CPU
	EndGlobalSection
	GlobalSection(ProjectConfigurationPlatforms) = postSolution
		{D6A23707-1CDD-4890-B0BC-9FAF9F6C65E8}.Debug|Any CPU.ActiveCfg = Debug|Any CPU
		{D6A23707-1CDD-4890-B0BC-9FAF9F6C65E8}.Debug|Any CPU.Build.0 = Debug|Any CPU
		{D6A23707-1CDD-4890-B0BC-9FAF9F6C65E8}.Release|Any CPU.ActiveCfg = Release|Any CPU
		{D6A23707-1CDD-4890-B0BC-9FAF9F6C65E8}.Release|Any CPU.Build.0 = Release|Any CPU
	EndGlobalSection
	GlobalSection(SolutionProperties) = preSolution
		HideSolutionNode = FALSE
	EndGlobalSection
	GlobalSection(ExtensibilityGlobals) = postSolution
		SolutionGuid = {85F02BDC-7C13-4CA5-A151-5019716E1DFA}
	EndGlobalSection
EndGlobal
